// !$*UTF8*$!
{
	archiveVersion = 1;
	classes = {
	};
	objectVersion = 46;
	objects = {

/* Begin PBXBuildFile section */
		B002164C1AF24497001011D9 /* AppDelegate.swift in Sources */ = {isa = PBXBuildFile; fileRef = B002164B1AF24497001011D9 /* AppDelegate.swift */; };
		B002164E1AF24497001011D9 /* ViewController.swift in Sources */ = {isa = PBXBuildFile; fileRef = B002164D1AF24497001011D9 /* ViewController.swift */; };
		B00216511AF24497001011D9 /* Main.storyboard in Resources */ = {isa = PBXBuildFile; fileRef = B002164F1AF24497001011D9 /* Main.storyboard */; };
		B00216531AF24497001011D9 /* Images.xcassets in Resources */ = {isa = PBXBuildFile; fileRef = B00216521AF24497001011D9 /* Images.xcassets */; };
		B00216561AF24497001011D9 /* LaunchScreen.xib in Resources */ = {isa = PBXBuildFile; fileRef = B00216541AF24497001011D9 /* LaunchScreen.xib */; };
		B00216621AF24497001011D9 /* Ritalin_DialTests.swift in Sources */ = {isa = PBXBuildFile; fileRef = B00216611AF24497001011D9 /* Ritalin_DialTests.swift */; };
/* End PBXBuildFile section */

/* Begin PBXContainerItemProxy section */
		B002165C1AF24497001011D9 /* PBXContainerItemProxy */ = {
			isa = PBXContainerItemProxy;
			containerPortal = B002163E1AF24497001011D9 /* Project object */;
			proxyType = 1;
			remoteGlobalIDString = B00216451AF24497001011D9;
			remoteInfo = Ritalin.Dial;
		};
/* End PBXContainerItemProxy section */

/* Begin PBXFileReference section */
		B00216461AF24497001011D9 /* Ritalin.Dial.app */ = {isa = PBXFileReference; explicitFileType = wrapper.application; includeInIndex = 0; path = Ritalin.Dial.app; sourceTree = BUILT_PRODUCTS_DIR; };
		B002164A1AF24497001011D9 /* Info.plist */ = {isa = PBXFileReference; lastKnownFileType = text.plist.xml; path = Info.plist; sourceTree = "<group>"; };
		B002164B1AF24497001011D9 /* AppDelegate.swift */ = {isa = PBXFileReference; lastKnownFileType = sourcecode.swift; path = AppDelegate.swift; sourceTree = "<group>"; };
		B002164D1AF24497001011D9 /* ViewController.swift */ = {isa = PBXFileReference; lastKnownFileType = sourcecode.swift; path = ViewController.swift; sourceTree = "<group>"; };
		B00216501AF24497001011D9 /* Base */ = {isa = PBXFileReference; lastKnownFileType = file.storyboard; name = Base; path = Base.lproj/Main.storyboard; sourceTree = "<group>"; };
		B00216521AF24497001011D9 /* Images.xcassets */ = {isa = PBXFileReference; lastKnownFileType = folder.assetcatalog; path = Images.xcassets; sourceTree = "<group>"; };
		B00216551AF24497001011D9 /* Base */ = {isa = PBXFileReference; lastKnownFileType = file.xib; name = Base; path = Base.lproj/LaunchScreen.xib; sourceTree = "<group>"; };
		B002165B1AF24497001011D9 /* Ritalin.DialTests.xctest */ = {isa = PBXFileReference; explicitFileType = wrapper.cfbundle; includeInIndex = 0; path = Ritalin.DialTests.xctest; sourceTree = BUILT_PRODUCTS_DIR; };
		B00216601AF24497001011D9 /* Info.plist */ = {isa = PBXFileReference; lastKnownFileType = text.plist.xml; path = Info.plist; sourceTree = "<group>"; };
		B00216611AF24497001011D9 /* Ritalin_DialTests.swift */ = {isa = PBXFileReference; lastKnownFileType = sourcecode.swift; path = Ritalin_DialTests.swift; sourceTree = "<group>"; };
/* End PBXFileReference section */

/* Begin PBXFrameworksBuildPhase section */
		B00216431AF24497001011D9 /* Frameworks */ = {
			isa = PBXFrameworksBuildPhase;
			buildActionMask = 2147483647;
			files = (
			);
			runOnlyForDeploymentPostprocessing = 0;
		};
		B00216581AF24497001011D9 /* Frameworks */ = {
			isa = PBXFrameworksBuildPhase;
			buildActionMask = 2147483647;
			files = (
			);
			runOnlyForDeploymentPostprocessing = 0;
		};
/* End PBXFrameworksBuildPhase section */

/* Begin PBXGroup section */
		B002163D1AF24497001011D9 = {
			isa = PBXGroup;
			children = (
				B00216481AF24497001011D9 /* Ritalin.Dial */,
				B002165E1AF24497001011D9 /* Ritalin.DialTests */,
				B00216471AF24497001011D9 /* Products */,
			);
			sourceTree = "<group>";
		};
		B00216471AF24497001011D9 /* Products */ = {
			isa = PBXGroup;
			children = (
				B00216461AF24497001011D9 /* Ritalin.Dial.app */,
				B002165B1AF24497001011D9 /* Ritalin.DialTests.xctest */,
			);
			name = Products;
			sourceTree = "<group>";
		};
		B00216481AF24497001011D9 /* Ritalin.Dial */ = {
			isa = PBXGroup;
			children = (
				B002164B1AF24497001011D9 /* AppDelegate.swift */,
				B002164D1AF24497001011D9 /* ViewController.swift */,
				B002164F1AF24497001011D9 /* Main.storyboard */,
				B00216521AF24497001011D9 /* Images.xcassets */,
				B00216541AF24497001011D9 /* LaunchScreen.xib */,
				B00216491AF24497001011D9 /* Supporting Files */,
			);
			path = Ritalin.Dial;
			sourceTree = "<group>";
		};
		B00216491AF24497001011D9 /* Supporting Files */ = {
			isa = PBXGroup;
			children = (
				B002164A1AF24497001011D9 /* Info.plist */,
			);
			name = "Supporting Files";
			sourceTree = "<group>";
		};
		B002165E1AF24497001011D9 /* Ritalin.DialTests */ = {
			isa = PBXGroup;
			children = (
				B00216611AF24497001011D9 /* Ritalin_DialTests.swift */,
				B002165F1AF24497001011D9 /* Supporting Files */,
			);
			path = Ritalin.DialTests;
			sourceTree = "<group>";
		};
		B002165F1AF24497001011D9 /* Supporting Files */ = {
			isa = PBXGroup;
			children = (
				B00216601AF24497001011D9 /* Info.plist */,
			);
			name = "Supporting Files";
			sourceTree = "<group>";
		};
/* End PBXGroup section */

/* Begin PBXNativeTarget section */
		B00216451AF24497001011D9 /* Ritalin.Dial */ = {
			isa = PBXNativeTarget;
			buildConfigurationList = B00216651AF24497001011D9 /* Build configuration list for PBXNativeTarget "Ritalin.Dial" */;
			buildPhases = (
				B00216421AF24497001011D9 /* Sources */,
				B00216431AF24497001011D9 /* Frameworks */,
				B00216441AF24497001011D9 /* Resources */,
			);
			buildRules = (
			);
			dependencies = (
			);
			name = Ritalin.Dial;
			productName = Ritalin.Dial;
			productReference = B00216461AF24497001011D9 /* Ritalin.Dial.app */;
			productType = "com.apple.product-type.application";
		};
		B002165A1AF24497001011D9 /* Ritalin.DialTests */ = {
			isa = PBXNativeTarget;
			buildConfigurationList = B00216681AF24497001011D9 /* Build configuration list for PBXNativeTarget "Ritalin.DialTests" */;
			buildPhases = (
				B00216571AF24497001011D9 /* Sources */,
				B00216581AF24497001011D9 /* Frameworks */,
				B00216591AF24497001011D9 /* Resources */,
			);
			buildRules = (
			);
			dependencies = (
				B002165D1AF24497001011D9 /* PBXTargetDependency */,
			);
			name = Ritalin.DialTests;
			productName = Ritalin.DialTests;
			productReference = B002165B1AF24497001011D9 /* Ritalin.DialTests.xctest */;
			productType = "com.apple.product-type.bundle.unit-test";
		};
/* End PBXNativeTarget section */

/* Begin PBXProject section */
		B002163E1AF24497001011D9 /* Project object */ = {
			isa = PBXProject;
			attributes = {
				LastUpgradeCheck = 0630;
				ORGANIZATIONNAME = ItayYairGuy;
				TargetAttributes = {
					B00216451AF24497001011D9 = {
						CreatedOnToolsVersion = 6.3.1;
					};
					B002165A1AF24497001011D9 = {
						CreatedOnToolsVersion = 6.3.1;
						TestTargetID = B00216451AF24497001011D9;
					};
				};
			};
			buildConfigurationList = B00216411AF24497001011D9 /* Build configuration list for PBXProject "Ritalin.Dial" */;
			compatibilityVersion = "Xcode 3.2";
			developmentRegion = English;
			hasScannedForEncodings = 0;
			knownRegions = (
				en,
				Base,
			);
			mainGroup = B002163D1AF24497001011D9;
			productRefGroup = B00216471AF24497001011D9 /* Products */;
			projectDirPath = "";
			projectRoot = "";
			targets = (
				B00216451AF24497001011D9 /* Ritalin.Dial */,
				B002165A1AF24497001011D9 /* Ritalin.DialTests */,
			);
		};
/* End PBXProject section */

/* Begin PBXResourcesBuildPhase section */
		B00216441AF24497001011D9 /* Resources */ = {
			isa = PBXResourcesBuildPhase;
			buildActionMask = 2147483647;
			files = (
				B00216511AF24497001011D9 /* Main.storyboard in Resources */,
				B00216561AF24497001011D9 /* LaunchScreen.xib in Resources */,
				B00216531AF24497001011D9 /* Images.xcassets in Resources */,
			);
			runOnlyForDeploymentPostprocessing = 0;
		};
		B00216591AF24497001011D9 /* Resources */ = {
			isa = PBXResourcesBuildPhase;
			buildActionMask = 2147483647;
			files = (
			);
			runOnlyForDeploymentPostprocessing = 0;
		};
/* End PBXResourcesBuildPhase section */

/* Begin PBXSourcesBuildPhase section */
		B00216421AF24497001011D9 /* Sources */ = {
			isa = PBXSourcesBuildPhase;
			buildActionMask = 2147483647;
			files = (
				B002164E1AF24497001011D9 /* ViewController.swift in Sources */,
				B002164C1AF24497001011D9 /* AppDelegate.swift in Sources */,
			);
			runOnlyForDeploymentPostprocessing = 0;
		};
		B00216571AF24497001011D9 /* Sources */ = {
			isa = PBXSourcesBuildPhase;
			buildActionMask = 2147483647;
			files = (
				B00216621AF24497001011D9 /* Ritalin_DialTests.swift in Sources */,
			);
			runOnlyForDeploymentPostprocessing = 0;
		};
/* End PBXSourcesBuildPhase section */

/* Begin PBXTargetDependency section */
		B002165D1AF24497001011D9 /* PBXTargetDependency */ = {
			isa = PBXTargetDependency;
			target = B00216451AF24497001011D9 /* Ritalin.Dial */;
			targetProxy = B002165C1AF24497001011D9 /* PBXContainerItemProxy */;
		};
/* End PBXTargetDependency section */

/* Begin PBXVariantGroup section */
		B002164F1AF24497001011D9 /* Main.storyboard */ = {
			isa = PBXVariantGroup;
			children = (
				B00216501AF24497001011D9 /* Base */,
			);
			name = Main.storyboard;
			sourceTree = "<group>";
		};
		B00216541AF24497001011D9 /* LaunchScreen.xib */ = {
			isa = PBXVariantGroup;
			children = (
				B00216551AF24497001011D9 /* Base */,
			);
			name = LaunchScreen.xib;
			sourceTree = "<group>";
		};
/* End PBXVariantGroup section */

/* Begin XCBuildConfiguration section */
		B00216631AF24497001011D9 /* Debug */ = {
			isa = XCBuildConfiguration;
			buildSettings = {
				ALWAYS_SEARCH_USER_PATHS = NO;
				CLANG_CXX_LANGUAGE_STANDARD = "gnu++0x";
				CLANG_CXX_LIBRARY = "libc++";
				CLANG_ENABLE_MODULES = YES;
				CLANG_ENABLE_OBJC_ARC = YES;
				CLANG_WARN_BOOL_CONVERSION = YES;
				CLANG_WARN_CONSTANT_CONVERSION = YES;
				CLANG_WARN_DIRECT_OBJC_ISA_USAGE = YES_ERROR;
				CLANG_WARN_EMPTY_BODY = YES;
				CLANG_WARN_ENUM_CONVERSION = YES;
				CLANG_WARN_INT_CONVERSION = YES;
				CLANG_WARN_OBJC_ROOT_CLASS = YES_ERROR;
				CLANG_WARN_UNREACHABLE_CODE = YES;
				CLANG_WARN__DUPLICATE_METHOD_MATCH = YES;
				"CODE_SIGN_IDENTITY[sdk=iphoneos*]" = "iPhone Developer";
				COPY_PHASE_STRIP = NO;
				DEBUG_INFORMATION_FORMAT = "dwarf-with-dsym";
				ENABLE_STRICT_OBJC_MSGSEND = YES;
				GCC_C_LANGUAGE_STANDARD = gnu99;
				GCC_DYNAMIC_NO_PIC = NO;
				GCC_NO_COMMON_BLOCKS = YES;
				GCC_OPTIMIZATION_LEVEL = 0;
				GCC_PREPROCESSOR_DEFINITIONS = (
					"DEBUG=1",
					"$(inherited)",
				);
				GCC_SYMBOLS_PRIVATE_EXTERN = NO;
				GCC_WARN_64_TO_32_BIT_CONVERSION = YES;
				GCC_WARN_ABOUT_RETURN_TYPE = YES_ERROR;
				GCC_WARN_UNDECLARED_SELECTOR = YES;
				GCC_WARN_UNINITIALIZED_AUTOS = YES_AGGRESSIVE;
				GCC_WARN_UNUSED_FUNCTION = YES;
				GCC_WARN_UNUSED_VARIABLE = YES;
				IPHONEOS_DEPLOYMENT_TARGET = 8.3;
				MTL_ENABLE_DEBUG_INFO = YES;
				ONLY_ACTIVE_ARCH = YES;
				SDKROOT = iphoneos;
				SWIFT_OPTIMIZATION_LEVEL = "-Onone";
			};
			name = Debug;
		};
		B00216641AF24497001011D9 /* Release */ = {
			isa = XCBuildConfiguration;
			buildSettings = {
				ALWAYS_SEARCH_USER_PATHS = NO;
				CLANG_CXX_LANGUAGE_STANDARD = "gnu++0x";
				CLANG_CXX_LIBRARY = "libc++";
				CLANG_ENABLE_MODULES = YES;
				CLANG_ENABLE_OBJC_ARC = YES;
				CLANG_WARN_BOOL_CONVERSION = YES;
				CLANG_WARN_CONSTANT_CONVERSION = YES;
				CLANG_WARN_DIRECT_OBJC_ISA_USAGE = YES_ERROR;
				CLANG_WARN_EMPTY_BODY = YES;
				CLANG_WARN_ENUM_CONVERSION = YES;
				CLANG_WARN_INT_CONVERSION = YES;
				CLANG_WARN_OBJC_ROOT_CLASS = YES_ERROR;
				CLANG_WARN_UNREACHABLE_CODE = YES;
				CLANG_WARN__DUPLICATE_METHOD_MATCH = YES;
				"CODE_SIGN_IDENTITY[sdk=iphoneos*]" = "iPhone Developer";
				COPY_PHASE_STRIP = NO;
				DEBUG_INFORMATION_FORMAT = "dwarf-with-dsym";
				ENABLE_NS_ASSERTIONS = NO;
				ENABLE_STRICT_OBJC_MSGSEND = YES;
				GCC_C_LANGUAGE_STANDARD = gnu99;
				GCC_NO_COMMON_BLOCKS = YES;
				GCC_WARN_64_TO_32_BIT_CONVERSION = YES;
				GCC_WARN_ABOUT_RETURN_TYPE = YES_ERROR;
				GCC_WARN_UNDECLARED_SELECTOR = YES;
				GCC_WARN_UNINITIALIZED_AUTOS = YES_AGGRESSIVE;
				GCC_WARN_UNUSED_FUNCTION = YES;
				GCC_WARN_UNUSED_VARIABLE = YES;
				IPHONEOS_DEPLOYMENT_TARGET = 8.3;
				MTL_ENABLE_DEBUG_INFO = NO;
				SDKROOT = iphoneos;
				VALIDATE_PRODUCT = YES;
			};
			name = Release;
		};
		B00216661AF24497001011D9 /* Debug */ = {
			isa = XCBuildConfiguration;
			buildSettings = {
				ASSETCATALOG_COMPILER_APPICON_NAME = AppIcon;
				INFOPLIST_FILE = Ritalin.Dial/Info.plist;
				LD_RUNPATH_SEARCH_PATHS = "$(inherited) @executable_path/Frameworks";
				PRODUCT_NAME = "$(TARGET_NAME)";
			};
			name = Debug;
		};
		B00216671AF24497001011D9 /* Release */ = {
			isa = XCBuildConfiguration;
			buildSettings = {
				ASSETCATALOG_COMPILER_APPICON_NAME = AppIcon;
				INFOPLIST_FILE = Ritalin.Dial/Info.plist;
				LD_RUNPATH_SEARCH_PATHS = "$(inherited) @executable_path/Frameworks";
				PRODUCT_NAME = "$(TARGET_NAME)";
			};
			name = Release;
		};
		B00216691AF24497001011D9 /* Debug */ = {
			isa = XCBuildConfiguration;
			buildSettings = {
				BUNDLE_LOADER = "$(TEST_HOST)";
				FRAMEWORK_SEARCH_PATHS = (
					"$(SDKROOT)/Developer/Library/Frameworks",
					"$(inherited)",
				);
				GCC_PREPROCESSOR_DEFINITIONS = (
					"DEBUG=1",
					"$(inherited)",
				);
				INFOPLIST_FILE = Ritalin.DialTests/Info.plist;
				LD_RUNPATH_SEARCH_PATHS = "$(inherited) @executable_path/Frameworks @loader_path/Frameworks";
				PRODUCT_NAME = "$(TARGET_NAME)";
				TEST_HOST = "$(BUILT_PRODUCTS_DIR)/Ritalin.Dial.app/Ritalin.Dial";
			};
			name = Debug;
		};
		B002166A1AF24497001011D9 /* Release */ = {
			isa = XCBuildConfiguration;
			buildSettings = {
				BUNDLE_LOADER = "$(TEST_HOST)";
				FRAMEWORK_SEARCH_PATHS = (
					"$(SDKROOT)/Developer/Library/Frameworks",
					"$(inherited)",
				);
				INFOPLIST_FILE = Ritalin.DialTests/Info.plist;
				LD_RUNPATH_SEARCH_PATHS = "$(inherited) @executable_path/Frameworks @loader_path/Frameworks";
				PRODUCT_NAME = "$(TARGET_NAME)";
				TEST_HOST = "$(BUILT_PRODUCTS_DIR)/Ritalin.Dial.app/Ritalin.Dial";
			};
			name = Release;
		};
/* End XCBuildConfiguration section */

/* Begin XCConfigurationList section */
		B00216411AF24497001011D9 /* Build configuration list for PBXProject "Ritalin.Dial" */ = {
			isa = XCConfigurationList;
			buildConfigurations = (
				B00216631AF24497001011D9 /* Debug */,
				B00216641AF24497001011D9 /* Release */,
			);
			defaultConfigurationIsVisible = 0;
			defaultConfigurationName = Release;
		};
		B00216651AF24497001011D9 /* Build configuration list for PBXNativeTarget "Ritalin.Dial" */ = {
			isa = XCConfigurationList;
			buildConfigurations = (
				B00216661AF24497001011D9 /* Debug */,
				B00216671AF24497001011D9 /* Release */,
			);
			defaultConfigurationIsVisible = 0;
		};
		B00216681AF24497001011D9 /* Build configuration list for PBXNativeTarget "Ritalin.DialTests" */ = {
			isa = XCConfigurationList;
			buildConfigurations = (
				B00216691AF24497001011D9 /* Debug */,
				B002166A1AF24497001011D9 /* Release */,
			);
			defaultConfigurationIsVisible = 0;
		};
/* End XCConfigurationList section */
	};
	rootObject = B002163E1AF24497001011D9 /* Project object */;
}
